
Microsoft Visual Studio Solution File, Format Version 12.00
# Visual Studio Version 17
VisualStudioVersion = 17.12.35514.174 d17.12
MinimumVisualStudioVersion = 10.0.40219.1
Project("{FAE04EC0-301F-11D3-BF4B-00C04F79EFBC}") = "CustomerAPI", "ria-coding-test-part2\CustomerAPI.csproj", "{9ABFE912-7EB5-4100-8DA9-79BC287C8DE6}"
EndProject
Project("{FAE04EC0-301F-11D3-BF4B-00C04F79EFBC}") = "Simulator", "Simulator\Simulator.csproj", "{33F24329-6ACB-4EE3-8564-B88B025E6832}"
EndProject
Global
	GlobalSection(SolutionConfigurationPlatforms) = preSolution
		Debug|Any CPU = Debug|Any CPU
		Release|Any CPU = Release|Any CPU
	EndGlobalSection
	GlobalSection(ProjectConfigurationPlatforms) = postSolution
		{9ABFE912-7EB5-4100-8DA9-79BC287C8DE6}.Debug|Any CPU.ActiveCfg = Debug|Any CPU
		{9ABFE912-7EB5-4100-8DA9-79BC287C8DE6}.Debug|Any CPU.Build.0 = Debug|Any CPU
		{9ABFE912-7EB5-4100-8DA9-79BC287C8DE6}.Release|Any CPU.ActiveCfg = Release|Any CPU
		{9ABFE912-7EB5-4100-8DA9-79BC287C8DE6}.Release|Any CPU.Build.0 = Release|Any CPU
		{33F24329-6ACB-4EE3-8564-B88B025E6832}.Debug|Any CPU.ActiveCfg = Debug|Any CPU
		{33F24329-6ACB-4EE3-8564-B88B025E6832}.Debug|Any CPU.Build.0 = Debug|Any CPU
		{33F24329-6ACB-4EE3-8564-B88B025E6832}.Release|Any CPU.ActiveCfg = Release|Any CPU
		{33F24329-6ACB-4EE3-8564-B88B025E6832}.Release|Any CPU.Build.0 = Release|Any CPU
	EndGlobalSection
	GlobalSection(SolutionProperties) = preSolution
		HideSolutionNode = FALSE
	EndGlobalSection
EndGlobal
